// !$*UTF8*$!
{
	archiveVersion = 1;
	classes = {
	};
	objectVersion = 50;
	objects = {

/* Begin PBXBuildFile section */
		0FD962B07C4976477E741ADB /* Pods_tumblr_demo.framework in Frameworks */ = {isa = PBXBuildFile; fileRef = 38695E75082335AA47CFDBA5 /* Pods_tumblr_demo.framework */; };
		28A3EA9CA41C64F298890285 /* Pods_tumblr_demoTests.framework in Frameworks */ = {isa = PBXBuildFile; fileRef = EC969800CFB1B0D02892FDCA /* Pods_tumblr_demoTests.framework */; };
		36BDD9D02192429500E7B041 /* AppDelegate.swift in Sources */ = {isa = PBXBuildFile; fileRef = 36BDD9CF2192429500E7B041 /* AppDelegate.swift */; };
		36BDD9D52192429500E7B041 /* Main.storyboard in Resources */ = {isa = PBXBuildFile; fileRef = 36BDD9D32192429500E7B041 /* Main.storyboard */; };
		36BDD9D72192429900E7B041 /* Assets.xcassets in Resources */ = {isa = PBXBuildFile; fileRef = 36BDD9D62192429900E7B041 /* Assets.xcassets */; };
		36BDD9DA2192429900E7B041 /* LaunchScreen.storyboard in Resources */ = {isa = PBXBuildFile; fileRef = 36BDD9D82192429900E7B041 /* LaunchScreen.storyboard */; };
		36BDD9E52192429900E7B041 /* tumblr_demoTests.swift in Sources */ = {isa = PBXBuildFile; fileRef = 36BDD9E42192429900E7B041 /* tumblr_demoTests.swift */; };
		36BDD9F02192429900E7B041 /* tumblr_demoUITests.swift in Sources */ = {isa = PBXBuildFile; fileRef = 36BDD9EF2192429900E7B041 /* tumblr_demoUITests.swift */; };
		36BDD9FE2192452100E7B041 /* PhotosViewController.swift in Sources */ = {isa = PBXBuildFile; fileRef = 36BDD9FD2192452100E7B041 /* PhotosViewController.swift */; };
		36BDDA0021924A0F00E7B041 /* PhotoViewCell.swift in Sources */ = {isa = PBXBuildFile; fileRef = 36BDD9FF21924A0F00E7B041 /* PhotoViewCell.swift */; };
		36BDDA0221925B8C00E7B041 /* PhotoDetailsViewController.swift in Sources */ = {isa = PBXBuildFile; fileRef = 36BDDA0121925B8C00E7B041 /* PhotoDetailsViewController.swift */; };
		E16FDD46677453E7EC8EC536 /* Pods_tumblr_demoUITests.framework in Frameworks */ = {isa = PBXBuildFile; fileRef = B9AB71396E9C18EF43C3F55B /* Pods_tumblr_demoUITests.framework */; };
/* End PBXBuildFile section */

/* Begin PBXContainerItemProxy section */
		36BDD9E12192429900E7B041 /* PBXContainerItemProxy */ = {
			isa = PBXContainerItemProxy;
			containerPortal = 36BDD9C42192429500E7B041 /* Project object */;
			proxyType = 1;
			remoteGlobalIDString = 36BDD9CB2192429500E7B041;
			remoteInfo = tumblr_demo;
		};
		36BDD9EC2192429900E7B041 /* PBXContainerItemProxy */ = {
			isa = PBXContainerItemProxy;
			containerPortal = 36BDD9C42192429500E7B041 /* Project object */;
			proxyType = 1;
			remoteGlobalIDString = 36BDD9CB2192429500E7B041;
			remoteInfo = tumblr_demo;
		};
/* End PBXContainerItemProxy section */

/* Begin PBXFileReference section */
		352923CAB8FDFA7135AC6A3C /* Pods-tumblr_demoUITests.debug.xcconfig */ = {isa = PBXFileReference; includeInIndex = 1; lastKnownFileType = text.xcconfig; name = "Pods-tumblr_demoUITests.debug.xcconfig"; path = "Pods/Target Support Files/Pods-tumblr_demoUITests/Pods-tumblr_demoUITests.debug.xcconfig"; sourceTree = "<group>"; };
		36BDD9CC2192429500E7B041 /* tumblr_demo.app */ = {isa = PBXFileReference; explicitFileType = wrapper.application; includeInIndex = 0; path = tumblr_demo.app; sourceTree = BUILT_PRODUCTS_DIR; };
		36BDD9CF2192429500E7B041 /* AppDelegate.swift */ = {isa = PBXFileReference; lastKnownFileType = sourcecode.swift; path = AppDelegate.swift; sourceTree = "<group>"; };
		36BDD9D42192429500E7B041 /* Base */ = {isa = PBXFileReference; lastKnownFileType = file.storyboard; name = Base; path = Base.lproj/Main.storyboard; sourceTree = "<group>"; };
		36BDD9D62192429900E7B041 /* Assets.xcassets */ = {isa = PBXFileReference; lastKnownFileType = folder.assetcatalog; path = Assets.xcassets; sourceTree = "<group>"; };
		36BDD9D92192429900E7B041 /* Base */ = {isa = PBXFileReference; lastKnownFileType = file.storyboard; name = Base; path = Base.lproj/LaunchScreen.storyboard; sourceTree = "<group>"; };
		36BDD9DB2192429900E7B041 /* Info.plist */ = {isa = PBXFileReference; lastKnownFileType = text.plist.xml; path = Info.plist; sourceTree = "<group>"; };
		36BDD9E02192429900E7B041 /* tumblr_demoTests.xctest */ = {isa = PBXFileReference; explicitFileType = wrapper.cfbundle; includeInIndex = 0; path = tumblr_demoTests.xctest; sourceTree = BUILT_PRODUCTS_DIR; };
		36BDD9E42192429900E7B041 /* tumblr_demoTests.swift */ = {isa = PBXFileReference; lastKnownFileType = sourcecode.swift; path = tumblr_demoTests.swift; sourceTree = "<group>"; };
		36BDD9E62192429900E7B041 /* Info.plist */ = {isa = PBXFileReference; lastKnownFileType = text.plist.xml; path = Info.plist; sourceTree = "<group>"; };
		36BDD9EB2192429900E7B041 /* tumblr_demoUITests.xctest */ = {isa = PBXFileReference; explicitFileType = wrapper.cfbundle; includeInIndex = 0; path = tumblr_demoUITests.xctest; sourceTree = BUILT_PRODUCTS_DIR; };
		36BDD9EF2192429900E7B041 /* tumblr_demoUITests.swift */ = {isa = PBXFileReference; lastKnownFileType = sourcecode.swift; path = tumblr_demoUITests.swift; sourceTree = "<group>"; };
		36BDD9F12192429900E7B041 /* Info.plist */ = {isa = PBXFileReference; lastKnownFileType = text.plist.xml; path = Info.plist; sourceTree = "<group>"; };
		36BDD9FD2192452100E7B041 /* PhotosViewController.swift */ = {isa = PBXFileReference; lastKnownFileType = sourcecode.swift; path = PhotosViewController.swift; sourceTree = "<group>"; };
		36BDD9FF21924A0F00E7B041 /* PhotoViewCell.swift */ = {isa = PBXFileReference; lastKnownFileType = sourcecode.swift; path = PhotoViewCell.swift; sourceTree = "<group>"; };
		36BDDA0121925B8C00E7B041 /* PhotoDetailsViewController.swift */ = {isa = PBXFileReference; lastKnownFileType = sourcecode.swift; path = PhotoDetailsViewController.swift; sourceTree = "<group>"; };
		38695E75082335AA47CFDBA5 /* Pods_tumblr_demo.framework */ = {isa = PBXFileReference; explicitFileType = wrapper.framework; includeInIndex = 0; path = Pods_tumblr_demo.framework; sourceTree = BUILT_PRODUCTS_DIR; };
		83365042398230F2B66CF452 /* Pods-tumblr_demoTests.release.xcconfig */ = {isa = PBXFileReference; includeInIndex = 1; lastKnownFileType = text.xcconfig; name = "Pods-tumblr_demoTests.release.xcconfig"; path = "Pods/Target Support Files/Pods-tumblr_demoTests/Pods-tumblr_demoTests.release.xcconfig"; sourceTree = "<group>"; };
		9661C37D67C7C2018D942B14 /* Pods-tumblr_demoTests.debug.xcconfig */ = {isa = PBXFileReference; includeInIndex = 1; lastKnownFileType = text.xcconfig; name = "Pods-tumblr_demoTests.debug.xcconfig"; path = "Pods/Target Support Files/Pods-tumblr_demoTests/Pods-tumblr_demoTests.debug.xcconfig"; sourceTree = "<group>"; };
		B9AB71396E9C18EF43C3F55B /* Pods_tumblr_demoUITests.framework */ = {isa = PBXFileReference; explicitFileType = wrapper.framework; includeInIndex = 0; path = Pods_tumblr_demoUITests.framework; sourceTree = BUILT_PRODUCTS_DIR; };
		C7A2D7C941AA9CEE02BB7BE1 /* Pods-tumblr_demoUITests.release.xcconfig */ = {isa = PBXFileReference; includeInIndex = 1; lastKnownFileType = text.xcconfig; name = "Pods-tumblr_demoUITests.release.xcconfig"; path = "Pods/Target Support Files/Pods-tumblr_demoUITests/Pods-tumblr_demoUITests.release.xcconfig"; sourceTree = "<group>"; };
		E2037DDD62ABE852266BFE0B /* Pods-tumblr_demo.debug.xcconfig */ = {isa = PBXFileReference; includeInIndex = 1; lastKnownFileType = text.xcconfig; name = "Pods-tumblr_demo.debug.xcconfig"; path = "Pods/Target Support Files/Pods-tumblr_demo/Pods-tumblr_demo.debug.xcconfig"; sourceTree = "<group>"; };
		EC969800CFB1B0D02892FDCA /* Pods_tumblr_demoTests.framework */ = {isa = PBXFileReference; explicitFileType = wrapper.framework; includeInIndex = 0; path = Pods_tumblr_demoTests.framework; sourceTree = BUILT_PRODUCTS_DIR; };
		F868C81966A015AE17EE9659 /* Pods-tumblr_demo.release.xcconfig */ = {isa = PBXFileReference; includeInIndex = 1; lastKnownFileType = text.xcconfig; name = "Pods-tumblr_demo.release.xcconfig"; path = "Pods/Target Support Files/Pods-tumblr_demo/Pods-tumblr_demo.release.xcconfig"; sourceTree = "<group>"; };
/* End PBXFileReference section */

/* Begin PBXFrameworksBuildPhase section */
		36BDD9C92192429500E7B041 /* Frameworks */ = {
			isa = PBXFrameworksBuildPhase;
			buildActionMask = 2147483647;
			files = (
				0FD962B07C4976477E741ADB /* Pods_tumblr_demo.framework in Frameworks */,
			);
			runOnlyForDeploymentPostprocessing = 0;
		};
		36BDD9DD2192429900E7B041 /* Frameworks */ = {
			isa = PBXFrameworksBuildPhase;
			buildActionMask = 2147483647;
			files = (
				28A3EA9CA41C64F298890285 /* Pods_tumblr_demoTests.framework in Frameworks */,
			);
			runOnlyForDeploymentPostprocessing = 0;
		};
		36BDD9E82192429900E7B041 /* Frameworks */ = {
			isa = PBXFrameworksBuildPhase;
			buildActionMask = 2147483647;
			files = (
				E16FDD46677453E7EC8EC536 /* Pods_tumblr_demoUITests.framework in Frameworks */,
			);
			runOnlyForDeploymentPostprocessing = 0;
		};
/* End PBXFrameworksBuildPhase section */

/* Begin PBXGroup section */
		36BDD9C32192429500E7B041 = {
			isa = PBXGroup;
			children = (
				36BDD9CE2192429500E7B041 /* tumblr_demo */,
				36BDD9E32192429900E7B041 /* tumblr_demoTests */,
				36BDD9EE2192429900E7B041 /* tumblr_demoUITests */,
				36BDD9CD2192429500E7B041 /* Products */,
				EB76501F407BBF6641E0A7DE /* Pods */,
				C08B46D3722C3CAE3E2CE548 /* Frameworks */,
			);
			sourceTree = "<group>";
		};
		36BDD9CD2192429500E7B041 /* Products */ = {
			isa = PBXGroup;
			children = (
				36BDD9CC2192429500E7B041 /* tumblr_demo.app */,
				36BDD9E02192429900E7B041 /* tumblr_demoTests.xctest */,
				36BDD9EB2192429900E7B041 /* tumblr_demoUITests.xctest */,
			);
			name = Products;
			sourceTree = "<group>";
		};
		36BDD9CE2192429500E7B041 /* tumblr_demo */ = {
			isa = PBXGroup;
			children = (
				36BDD9CF2192429500E7B041 /* AppDelegate.swift */,
				36BDD9D32192429500E7B041 /* Main.storyboard */,
				36BDD9D62192429900E7B041 /* Assets.xcassets */,
				36BDD9D82192429900E7B041 /* LaunchScreen.storyboard */,
				36BDD9DB2192429900E7B041 /* Info.plist */,
				36BDD9FD2192452100E7B041 /* PhotosViewController.swift */,
				36BDD9FF21924A0F00E7B041 /* PhotoViewCell.swift */,
				36BDDA0121925B8C00E7B041 /* PhotoDetailsViewController.swift */,
			);
			path = tumblr_demo;
			sourceTree = "<group>";
		};
		36BDD9E32192429900E7B041 /* tumblr_demoTests */ = {
			isa = PBXGroup;
			children = (
				36BDD9E42192429900E7B041 /* tumblr_demoTests.swift */,
				36BDD9E62192429900E7B041 /* Info.plist */,
			);
			path = tumblr_demoTests;
			sourceTree = "<group>";
		};
		36BDD9EE2192429900E7B041 /* tumblr_demoUITests */ = {
			isa = PBXGroup;
			children = (
				36BDD9EF2192429900E7B041 /* tumblr_demoUITests.swift */,
				36BDD9F12192429900E7B041 /* Info.plist */,
			);
			path = tumblr_demoUITests;
			sourceTree = "<group>";
		};
		C08B46D3722C3CAE3E2CE548 /* Frameworks */ = {
			isa = PBXGroup;
			children = (
				38695E75082335AA47CFDBA5 /* Pods_tumblr_demo.framework */,
				EC969800CFB1B0D02892FDCA /* Pods_tumblr_demoTests.framework */,
				B9AB71396E9C18EF43C3F55B /* Pods_tumblr_demoUITests.framework */,
			);
			name = Frameworks;
			sourceTree = "<group>";
		};
		EB76501F407BBF6641E0A7DE /* Pods */ = {
			isa = PBXGroup;
			children = (
				E2037DDD62ABE852266BFE0B /* Pods-tumblr_demo.debug.xcconfig */,
				F868C81966A015AE17EE9659 /* Pods-tumblr_demo.release.xcconfig */,
				9661C37D67C7C2018D942B14 /* Pods-tumblr_demoTests.debug.xcconfig */,
				83365042398230F2B66CF452 /* Pods-tumblr_demoTests.release.xcconfig */,
				352923CAB8FDFA7135AC6A3C /* Pods-tumblr_demoUITests.debug.xcconfig */,
				C7A2D7C941AA9CEE02BB7BE1 /* Pods-tumblr_demoUITests.release.xcconfig */,
			);
			name = Pods;
			sourceTree = "<group>";
		};
/* End PBXGroup section */

/* Begin PBXNativeTarget section */
		36BDD9CB2192429500E7B041 /* tumblr_demo */ = {
			isa = PBXNativeTarget;
			buildConfigurationList = 36BDD9F42192429900E7B041 /* Build configuration list for PBXNativeTarget "tumblr_demo" */;
			buildPhases = (
				4F9AA228B1992FCD4F2EEEB1 /* [CP] Check Pods Manifest.lock */,
				36BDD9C82192429500E7B041 /* Sources */,
				36BDD9C92192429500E7B041 /* Frameworks */,
				36BDD9CA2192429500E7B041 /* Resources */,
				A040E3952491ECFA76332055 /* [CP] Embed Pods Frameworks */,
			);
			buildRules = (
			);
			dependencies = (
			);
			name = tumblr_demo;
			productName = tumblr_demo;
			productReference = 36BDD9CC2192429500E7B041 /* tumblr_demo.app */;
			productType = "com.apple.product-type.application";
		};
		36BDD9DF2192429900E7B041 /* tumblr_demoTests */ = {
			isa = PBXNativeTarget;
			buildConfigurationList = 36BDD9F72192429900E7B041 /* Build configuration list for PBXNativeTarget "tumblr_demoTests" */;
			buildPhases = (
				6B3E6063AB98F2F974330F67 /* [CP] Check Pods Manifest.lock */,
				36BDD9DC2192429900E7B041 /* Sources */,
				36BDD9DD2192429900E7B041 /* Frameworks */,
				36BDD9DE2192429900E7B041 /* Resources */,
			);
			buildRules = (
			);
			dependencies = (
				36BDD9E22192429900E7B041 /* PBXTargetDependency */,
			);
			name = tumblr_demoTests;
			productName = tumblr_demoTests;
			productReference = 36BDD9E02192429900E7B041 /* tumblr_demoTests.xctest */;
			productType = "com.apple.product-type.bundle.unit-test";
		};
		36BDD9EA2192429900E7B041 /* tumblr_demoUITests */ = {
			isa = PBXNativeTarget;
			buildConfigurationList = 36BDD9FA2192429900E7B041 /* Build configuration list for PBXNativeTarget "tumblr_demoUITests" */;
			buildPhases = (
				9088656E5F7FCD409F080C86 /* [CP] Check Pods Manifest.lock */,
				36BDD9E72192429900E7B041 /* Sources */,
				36BDD9E82192429900E7B041 /* Frameworks */,
				36BDD9E92192429900E7B041 /* Resources */,
			);
			buildRules = (
			);
			dependencies = (
				36BDD9ED2192429900E7B041 /* PBXTargetDependency */,
			);
			name = tumblr_demoUITests;
			productName = tumblr_demoUITests;
			productReference = 36BDD9EB2192429900E7B041 /* tumblr_demoUITests.xctest */;
			productType = "com.apple.product-type.bundle.ui-testing";
		};
/* End PBXNativeTarget section */

/* Begin PBXProject section */
		36BDD9C42192429500E7B041 /* Project object */ = {
			isa = PBXProject;
			attributes = {
				LastSwiftUpdateCheck = 1000;
				LastUpgradeCheck = 1000;
				ORGANIZATIONNAME = "Van Lao";
				TargetAttributes = {
					36BDD9CB2192429500E7B041 = {
						CreatedOnToolsVersion = 10.0;
					};
					36BDD9DF2192429900E7B041 = {
						CreatedOnToolsVersion = 10.0;
						TestTargetID = 36BDD9CB2192429500E7B041;
					};
					36BDD9EA2192429900E7B041 = {
						CreatedOnToolsVersion = 10.0;
						TestTargetID = 36BDD9CB2192429500E7B041;
					};
				};
			};
			buildConfigurationList = 36BDD9C72192429500E7B041 /* Build configuration list for PBXProject "tumblr_demo" */;
			compatibilityVersion = "Xcode 9.3";
			developmentRegion = en;
			hasScannedForEncodings = 0;
			knownRegions = (
				en,
				Base,
			);
			mainGroup = 36BDD9C32192429500E7B041;
			productRefGroup = 36BDD9CD2192429500E7B041 /* Products */;
			projectDirPath = "";
			projectRoot = "";
			targets = (
				36BDD9CB2192429500E7B041 /* tumblr_demo */,
				36BDD9DF2192429900E7B041 /* tumblr_demoTests */,
				36BDD9EA2192429900E7B041 /* tumblr_demoUITests */,
			);
		};
/* End PBXProject section */

/* Begin PBXResourcesBuildPhase section */
		36BDD9CA2192429500E7B041 /* Resources */ = {
			isa = PBXResourcesBuildPhase;
			buildActionMask = 2147483647;
			files = (
				36BDD9DA2192429900E7B041 /* LaunchScreen.storyboard in Resources */,
				36BDD9D72192429900E7B041 /* Assets.xcassets in Resources */,
				36BDD9D52192429500E7B041 /* Main.storyboard in Resources */,
			);
			runOnlyForDeploymentPostprocessing = 0;
		};
		36BDD9DE2192429900E7B041 /* Resources */ = {
			isa = PBXResourcesBuildPhase;
			buildActionMask = 2147483647;
			files = (
			);
			runOnlyForDeploymentPostprocessing = 0;
		};
		36BDD9E92192429900E7B041 /* Resources */ = {
			isa = PBXResourcesBuildPhase;
			buildActionMask = 2147483647;
			files = (
			);
			runOnlyForDeploymentPostprocessing = 0;
		};
/* End PBXResourcesBuildPhase section */

/* Begin PBXShellScriptBuildPhase section */
		4F9AA228B1992FCD4F2EEEB1 /* [CP] Check Pods Manifest.lock */ = {
			isa = PBXShellScriptBuildPhase;
			buildActionMask = 2147483647;
			files = (
			);
			inputFileListPaths = (
			);
			inputPaths = (
				"${PODS_PODFILE_DIR_PATH}/Podfile.lock",
				"${PODS_ROOT}/Manifest.lock",
			);
			name = "[CP] Check Pods Manifest.lock";
			outputFileListPaths = (
			);
			outputPaths = (
				"$(DERIVED_FILE_DIR)/Pods-tumblr_demo-checkManifestLockResult.txt",
			);
			runOnlyForDeploymentPostprocessing = 0;
			shellPath = /bin/sh;
			shellScript = "diff \"${PODS_PODFILE_DIR_PATH}/Podfile.lock\" \"${PODS_ROOT}/Manifest.lock\" > /dev/null\nif [ $? != 0 ] ; then\n    # print error to STDERR\n    echo \"error: The sandbox is not in sync with the Podfile.lock. Run 'pod install' or update your CocoaPods installation.\" >&2\n    exit 1\nfi\n# This output is used by Xcode 'outputs' to avoid re-running this script phase.\necho \"SUCCESS\" > \"${SCRIPT_OUTPUT_FILE_0}\"\n";
			showEnvVarsInLog = 0;
		};
		6B3E6063AB98F2F974330F67 /* [CP] Check Pods Manifest.lock */ = {
			isa = PBXShellScriptBuildPhase;
			buildActionMask = 2147483647;
			files = (
			);
			inputFileListPaths = (
			);
			inputPaths = (
				"${PODS_PODFILE_DIR_PATH}/Podfile.lock",
				"${PODS_ROOT}/Manifest.lock",
			);
			name = "[CP] Check Pods Manifest.lock";
			outputFileListPaths = (
			);
			outputPaths = (
				"$(DERIVED_FILE_DIR)/Pods-tumblr_demoTests-checkManifestLockResult.txt",
			);
			runOnlyForDeploymentPostprocessing = 0;
			shellPath = /bin/sh;
			shellScript = "diff \"${PODS_PODFILE_DIR_PATH}/Podfile.lock\" \"${PODS_ROOT}/Manifest.lock\" > /dev/null\nif [ $? != 0 ] ; then\n    # print error to STDERR\n    echo \"error: The sandbox is not in sync with the Podfile.lock. Run 'pod install' or update your CocoaPods installation.\" >&2\n    exit 1\nfi\n# This output is used by Xcode 'outputs' to avoid re-running this script phase.\necho \"SUCCESS\" > \"${SCRIPT_OUTPUT_FILE_0}\"\n";
			showEnvVarsInLog = 0;
		};
		9088656E5F7FCD409F080C86 /* [CP] Check Pods Manifest.lock */ = {
			isa = PBXShellScriptBuildPhase;
			buildActionMask = 2147483647;
			files = (
			);
			inputFileListPaths = (
			);
			inputPaths = (
				"${PODS_PODFILE_DIR_PATH}/Podfile.lock",
				"${PODS_ROOT}/Manifest.lock",
			);
			name = "[CP] Check Pods Manifest.lock";
			outputFileListPaths = (
			);
			outputPaths = (
				"$(DERIVED_FILE_DIR)/Pods-tumblr_demoUITests-checkManifestLockResult.txt",
			);
			runOnlyForDeploymentPostprocessing = 0;
			shellPath = /bin/sh;
			shellScript = "diff \"${PODS_PODFILE_DIR_PATH}/Podfile.lock\" \"${PODS_ROOT}/Manifest.lock\" > /dev/null\nif [ $? != 0 ] ; then\n    # print error to STDERR\n    echo \"error: The sandbox is not in sync with the Podfile.lock. Run 'pod install' or update your CocoaPods installation.\" >&2\n    exit 1\nfi\n# This output is used by Xcode 'outputs' to avoid re-running this script phase.\necho \"SUCCESS\" > \"${SCRIPT_OUTPUT_FILE_0}\"\n";
			showEnvVarsInLog = 0;
		};
		A040E3952491ECFA76332055 /* [CP] Embed Pods Frameworks */ = {
			isa = PBXShellScriptBuildPhase;
			buildActionMask = 2147483647;
			files = (
			);
			inputFileListPaths = (
			);
			inputPaths = (
				"${SRCROOT}/Pods/Target Support Files/Pods-tumblr_demo/Pods-tumblr_demo-frameworks.sh",
				"${BUILT_PRODUCTS_DIR}/Alamofire/Alamofire.framework",
				"${BUILT_PRODUCTS_DIR}/AlamofireImage/AlamofireImage.framework",
			);
			name = "[CP] Embed Pods Frameworks";
			outputFileListPaths = (
			);
			outputPaths = (
				"${TARGET_BUILD_DIR}/${FRAMEWORKS_FOLDER_PATH}/Alamofire.framework",
				"${TARGET_BUILD_DIR}/${FRAMEWORKS_FOLDER_PATH}/AlamofireImage.framework",
			);
			runOnlyForDeploymentPostprocessing = 0;
			shellPath = /bin/sh;
			shellScript = "\"${SRCROOT}/Pods/Target Support Files/Pods-tumblr_demo/Pods-tumblr_demo-frameworks.sh\"\n";
			showEnvVarsInLog = 0;
		};
/* End PBXShellScriptBuildPhase section */

/* Begin PBXSourcesBuildPhase section */
		36BDD9C82192429500E7B041 /* Sources */ = {
			isa = PBXSourcesBuildPhase;
			buildActionMask = 2147483647;
			files = (
				36BDDA0221925B8C00E7B041 /* PhotoDetailsViewController.swift in Sources */,
				36BDD9D02192429500E7B041 /* AppDelegate.swift in Sources */,
				36BDD9FE2192452100E7B041 /* PhotosViewController.swift in Sources */,
				36BDDA0021924A0F00E7B041 /* PhotoViewCell.swift in Sources */,
			);
			runOnlyForDeploymentPostprocessing = 0;
		};
		36BDD9DC2192429900E7B041 /* Sources */ = {
			isa = PBXSourcesBuildPhase;
			buildActionMask = 2147483647;
			files = (
				36BDD9E52192429900E7B041 /* tumblr_demoTests.swift in Sources */,
			);
			runOnlyForDeploymentPostprocessing = 0;
		};
		36BDD9E72192429900E7B041 /* Sources */ = {
			isa = PBXSourcesBuildPhase;
			buildActionMask = 2147483647;
			files = (
				36BDD9F02192429900E7B041 /* tumblr_demoUITests.swift in Sources */,
			);
			runOnlyForDeploymentPostprocessing = 0;
		};
/* End PBXSourcesBuildPhase section */

/* Begin PBXTargetDependency section */
		36BDD9E22192429900E7B041 /* PBXTargetDependency */ = {
			isa = PBXTargetDependency;
			target = 36BDD9CB2192429500E7B041 /* tumblr_demo */;
			targetProxy = 36BDD9E12192429900E7B041 /* PBXContainerItemProxy */;
		};
		36BDD9ED2192429900E7B041 /* PBXTargetDependency */ = {
			isa = PBXTargetDependency;
			target = 36BDD9CB2192429500E7B041 /* tumblr_demo */;
			targetProxy = 36BDD9EC2192429900E7B041 /* PBXContainerItemProxy */;
		};
/* End PBXTargetDependency section */

/* Begin PBXVariantGroup section */
		36BDD9D32192429500E7B041 /* Main.storyboard */ = {
			isa = PBXVariantGroup;
			children = (
				36BDD9D42192429500E7B041 /* Base */,
			);
			name = Main.storyboard;
			sourceTree = "<group>";
		};
		36BDD9D82192429900E7B041 /* LaunchScreen.storyboard */ = {
			isa = PBXVariantGroup;
			children = (
				36BDD9D92192429900E7B041 /* Base */,
			);
			name = LaunchScreen.storyboard;
			sourceTree = "<group>";
		};
/* End PBXVariantGroup section */

/* Begin XCBuildConfiguration section */
		36BDD9F22192429900E7B041 /* Debug */ = {
			isa = XCBuildConfiguration;
			buildSettings = {
				ALWAYS_SEARCH_USER_PATHS = NO;
				CLANG_ANALYZER_NONNULL = YES;
				CLANG_ANALYZER_NUMBER_OBJECT_CONVERSION = YES_AGGRESSIVE;
				CLANG_CXX_LANGUAGE_STANDARD = "gnu++14";
				CLANG_CXX_LIBRARY = "libc++";
				CLANG_ENABLE_MODULES = YES;
				CLANG_ENABLE_OBJC_ARC = YES;
				CLANG_ENABLE_OBJC_WEAK = YES;
				CLANG_WARN_BLOCK_CAPTURE_AUTORELEASING = YES;
				CLANG_WARN_BOOL_CONVERSION = YES;
				CLANG_WARN_COMMA = YES;
				CLANG_WARN_CONSTANT_CONVERSION = YES;
				CLANG_WARN_DEPRECATED_OBJC_IMPLEMENTATIONS = YES;
				CLANG_WARN_DIRECT_OBJC_ISA_USAGE = YES_ERROR;
				CLANG_WARN_DOCUMENTATION_COMMENTS = YES;
				CLANG_WARN_EMPTY_BODY = YES;
				CLANG_WARN_ENUM_CONVERSION = YES;
				CLANG_WARN_INFINITE_RECURSION = YES;
				CLANG_WARN_INT_CONVERSION = YES;
				CLANG_WARN_NON_LITERAL_NULL_CONVERSION = YES;
				CLANG_WARN_OBJC_IMPLICIT_RETAIN_SELF = YES;
				CLANG_WARN_OBJC_LITERAL_CONVERSION = YES;
				CLANG_WARN_OBJC_ROOT_CLASS = YES_ERROR;
				CLANG_WARN_RANGE_LOOP_ANALYSIS = YES;
				CLANG_WARN_STRICT_PROTOTYPES = YES;
				CLANG_WARN_SUSPICIOUS_MOVE = YES;
				CLANG_WARN_UNGUARDED_AVAILABILITY = YES_AGGRESSIVE;
				CLANG_WARN_UNREACHABLE_CODE = YES;
				CLANG_WARN__DUPLICATE_METHOD_MATCH = YES;
				CODE_SIGN_IDENTITY = "iPhone Developer";
				COPY_PHASE_STRIP = NO;
				DEBUG_INFORMATION_FORMAT = dwarf;
				ENABLE_STRICT_OBJC_MSGSEND = YES;
				ENABLE_TESTABILITY = YES;
				GCC_C_LANGUAGE_STANDARD = gnu11;
				GCC_DYNAMIC_NO_PIC = NO;
				GCC_NO_COMMON_BLOCKS = YES;
				GCC_OPTIMIZATION_LEVEL = 0;
				GCC_PREPROCESSOR_DEFINITIONS = (
					"DEBUG=1",
					"$(inherited)",
				);
				GCC_WARN_64_TO_32_BIT_CONVERSION = YES;
				GCC_WARN_ABOUT_RETURN_TYPE = YES_ERROR;
				GCC_WARN_UNDECLARED_SELECTOR = YES;
				GCC_WARN_UNINITIALIZED_AUTOS = YES_AGGRESSIVE;
				GCC_WARN_UNUSED_FUNCTION = YES;
				GCC_WARN_UNUSED_VARIABLE = YES;
				IPHONEOS_DEPLOYMENT_TARGET = 12.0;
				MTL_ENABLE_DEBUG_INFO = INCLUDE_SOURCE;
				MTL_FAST_MATH = YES;
				ONLY_ACTIVE_ARCH = YES;
				SDKROOT = iphoneos;
				SWIFT_ACTIVE_COMPILATION_CONDITIONS = DEBUG;
				SWIFT_OPTIMIZATION_LEVEL = "-Onone";
			};
			name = Debug;
		};
		36BDD9F32192429900E7B041 /* Release */ = {
			isa = XCBuildConfiguration;
			buildSettings = {
				ALWAYS_SEARCH_USER_PATHS = NO;
				CLANG_ANALYZER_NONNULL = YES;
				CLANG_ANALYZER_NUMBER_OBJECT_CONVERSION = YES_AGGRESSIVE;
				CLANG_CXX_LANGUAGE_STANDARD = "gnu++14";
				CLANG_CXX_LIBRARY = "libc++";
				CLANG_ENABLE_MODULES = YES;
				CLANG_ENABLE_OBJC_ARC = YES;
				CLANG_ENABLE_OBJC_WEAK = YES;
				CLANG_WARN_BLOCK_CAPTURE_AUTORELEASING = YES;
				CLANG_WARN_BOOL_CONVERSION = YES;
				CLANG_WARN_COMMA = YES;
				CLANG_WARN_CONSTANT_CONVERSION = YES;
				CLANG_WARN_DEPRECATED_OBJC_IMPLEMENTATIONS = YES;
				CLANG_WARN_DIRECT_OBJC_ISA_USAGE = YES_ERROR;
				CLANG_WARN_DOCUMENTATION_COMMENTS = YES;
				CLANG_WARN_EMPTY_BODY = YES;
				CLANG_WARN_ENUM_CONVERSION = YES;
				CLANG_WARN_INFINITE_RECURSION = YES;
				CLANG_WARN_INT_CONVERSION = YES;
				CLANG_WARN_NON_LITERAL_NULL_CONVERSION = YES;
				CLANG_WARN_OBJC_IMPLICIT_RETAIN_SELF = YES;
				CLANG_WARN_OBJC_LITERAL_CONVERSION = YES;
				CLANG_WARN_OBJC_ROOT_CLASS = YES_ERROR;
				CLANG_WARN_RANGE_LOOP_ANALYSIS = YES;
				CLANG_WARN_STRICT_PROTOTYPES = YES;
				CLANG_WARN_SUSPICIOUS_MOVE = YES;
				CLANG_WARN_UNGUARDED_AVAILABILITY = YES_AGGRESSIVE;
				CLANG_WARN_UNREACHABLE_CODE = YES;
				CLANG_WARN__DUPLICATE_METHOD_MATCH = YES;
				CODE_SIGN_IDENTITY = "iPhone Developer";
				COPY_PHASE_STRIP = NO;
				DEBUG_INFORMATION_FORMAT = "dwarf-with-dsym";
				ENABLE_NS_ASSERTIONS = NO;
				ENABLE_STRICT_OBJC_MSGSEND = YES;
				GCC_C_LANGUAGE_STANDARD = gnu11;
				GCC_NO_COMMON_BLOCKS = YES;
				GCC_WARN_64_TO_32_BIT_CONVERSION = YES;
				GCC_WARN_ABOUT_RETURN_TYPE = YES_ERROR;
				GCC_WARN_UNDECLARED_SELECTOR = YES;
				GCC_WARN_UNINITIALIZED_AUTOS = YES_AGGRESSIVE;
				GCC_WARN_UNUSED_FUNCTION = YES;
				GCC_WARN_UNUSED_VARIABLE = YES;
				IPHONEOS_DEPLOYMENT_TARGET = 12.0;
				MTL_ENABLE_DEBUG_INFO = NO;
				MTL_FAST_MATH = YES;
				SDKROOT = iphoneos;
				SWIFT_COMPILATION_MODE = wholemodule;
				SWIFT_OPTIMIZATION_LEVEL = "-O";
				VALIDATE_PRODUCT = YES;
			};
			name = Release;
		};
		36BDD9F52192429900E7B041 /* Debug */ = {
			isa = XCBuildConfiguration;
			baseConfigurationReference = E2037DDD62ABE852266BFE0B /* Pods-tumblr_demo.debug.xcconfig */;
			buildSettings = {
				ASSETCATALOG_COMPILER_APPICON_NAME = AppIcon;
				CODE_SIGN_STYLE = Automatic;
				INFOPLIST_FILE = tumblr_demo/Info.plist;
				LD_RUNPATH_SEARCH_PATHS = (
					"$(inherited)",
					"@executable_path/Frameworks",
				);
				PRODUCT_BUNDLE_IDENTIFIER = "laominhvan1994-gmail.com.tumblr-demo";
				PRODUCT_NAME = "$(TARGET_NAME)";
				SWIFT_VERSION = 4.2;
				TARGETED_DEVICE_FAMILY = "1,2";
			};
			name = Debug;
		};
		36BDD9F62192429900E7B041 /* Release */ = {
			isa = XCBuildConfiguration;
			baseConfigurationReference = F868C81966A015AE17EE9659 /* Pods-tumblr_demo.release.xcconfig */;
			buildSettings = {
				ASSETCATALOG_COMPILER_APPICON_NAME = AppIcon;
				CODE_SIGN_STYLE = Automatic;
				INFOPLIST_FILE = tumblr_demo/Info.plist;
				LD_RUNPATH_SEARCH_PATHS = (
					"$(inherited)",
					"@executable_path/Frameworks",
				);
				PRODUCT_BUNDLE_IDENTIFIER = "laominhvan1994-gmail.com.tumblr-demo";
				PRODUCT_NAME = "$(TARGET_NAME)";
				SWIFT_VERSION = 4.2;
				TARGETED_DEVICE_FAMILY = "1,2";
			};
			name = Release;
		};
		36BDD9F82192429900E7B041 /* Debug */ = {
			isa = XCBuildConfiguration;
			baseConfigurationReference = 9661C37D67C7C2018D942B14 /* Pods-tumblr_demoTests.debug.xcconfig */;
			buildSettings = {
				ALWAYS_EMBED_SWIFT_STANDARD_LIBRARIES = YES;
				BUNDLE_LOADER = "$(TEST_HOST)";
				CODE_SIGN_STYLE = Automatic;
				INFOPLIST_FILE = tumblr_demoTests/Info.plist;
				LD_RUNPATH_SEARCH_PATHS = (
					"$(inherited)",
					"@executable_path/Frameworks",
					"@loader_path/Frameworks",
				);
				PRODUCT_BUNDLE_IDENTIFIER = "laominhvan1994-gmail.com.tumblr-demoTests";
				PRODUCT_NAME = "$(TARGET_NAME)";
				SWIFT_VERSION = 4.2;
				TARGETED_DEVICE_FAMILY = "1,2";
				TEST_HOST = "$(BUILT_PRODUCTS_DIR)/tumblr_demo.app/tumblr_demo";
			};
			name = Debug;
		};
		36BDD9F92192429900E7B041 /* Release */ = {
			isa = XCBuildConfiguration;
			baseConfigurationReference = 83365042398230F2B66CF452 /* Pods-tumblr_demoTests.release.xcconfig */;
			buildSettings = {
				ALWAYS_EMBED_SWIFT_STANDARD_LIBRARIES = YES;
				BUNDLE_LOADER = "$(TEST_HOST)";
				CODE_SIGN_STYLE = Automatic;
				INFOPLIST_FILE = tumblr_demoTests/Info.plist;
				LD_RUNPATH_SEARCH_PATHS = (
					"$(inherited)",
					"@executable_path/Frameworks",
					"@loader_path/Frameworks",
				);
				PRODUCT_BUNDLE_IDENTIFIER = "laominhvan1994-gmail.com.tumblr-demoTests";
				PRODUCT_NAME = "$(TARGET_NAME)";
				SWIFT_VERSION = 4.2;
				TARGETED_DEVICE_FAMILY = "1,2";
				TEST_HOST = "$(BUILT_PRODUCTS_DIR)/tumblr_demo.app/tumblr_demo";
			};
			name = Release;
		};
		36BDD9FB2192429900E7B041 /* Debug */ = {
			isa = XCBuildConfiguration;
			baseConfigurationReference = 352923CAB8FDFA7135AC6A3C /* Pods-tumblr_demoUITests.debug.xcconfig */;
			buildSettings = {
				ALWAYS_EMBED_SWIFT_STANDARD_LIBRARIES = YES;
				CODE_SIGN_STYLE = Automatic;
				INFOPLIST_FILE = tumblr_demoUITests/Info.plist;
				LD_RUNPATH_SEARCH_PATHS = (
					"$(inherited)",
					"@executable_path/Frameworks",
					"@loader_path/Frameworks",
				);
				PRODUCT_BUNDLE_IDENTIFIER = "laominhvan1994-gmail.com.tumblr-demoUITests";
				PRODUCT_NAME = "$(TARGET_NAME)";
				SWIFT_VERSION = 4.2;
				TARGETED_DEVICE_FAMILY = "1,2";
				TEST_TARGET_NAME = tumblr_demo;
			};
			name = Debug;
		};
		36BDD9FC2192429900E7B041 /* Release */ = {
			isa = XCBuildConfiguration;
			baseConfigurationReference = C7A2D7C941AA9CEE02BB7BE1 /* Pods-tumblr_demoUITests.release.xcconfig */;
			buildSettings = {
				ALWAYS_EMBED_SWIFT_STANDARD_LIBRARIES = YES;
				CODE_SIGN_STYLE = Automatic;
				INFOPLIST_FILE = tumblr_demoUITests/Info.plist;
				LD_RUNPATH_SEARCH_PATHS = (
					"$(inherited)",
					"@executable_path/Frameworks",
					"@loader_path/Frameworks",
				);
				PRODUCT_BUNDLE_IDENTIFIER = "laominhvan1994-gmail.com.tumblr-demoUITests";
				PRODUCT_NAME = "$(TARGET_NAME)";
				SWIFT_VERSION = 4.2;
				TARGETED_DEVICE_FAMILY = "1,2";
				TEST_TARGET_NAME = tumblr_demo;
			};
			name = Release;
		};
/* End XCBuildConfiguration section */

/* Begin XCConfigurationList section */
		36BDD9C72192429500E7B041 /* Build configuration list for PBXProject "tumblr_demo" */ = {
			isa = XCConfigurationList;
			buildConfigurations = (
				36BDD9F22192429900E7B041 /* Debug */,
				36BDD9F32192429900E7B041 /* Release */,
			);
			defaultConfigurationIsVisible = 0;
			defaultConfigurationName = Release;
		};
		36BDD9F42192429900E7B041 /* Build configuration list for PBXNativeTarget "tumblr_demo" */ = {
			isa = XCConfigurationList;
			buildConfigurations = (
				36BDD9F52192429900E7B041 /* Debug */,
				36BDD9F62192429900E7B041 /* Release */,
			);
			defaultConfigurationIsVisible = 0;
			defaultConfigurationName = Release;
		};
		36BDD9F72192429900E7B041 /* Build configuration list for PBXNativeTarget "tumblr_demoTests" */ = {
			isa = XCConfigurationList;
			buildConfigurations = (
				36BDD9F82192429900E7B041 /* Debug */,
				36BDD9F92192429900E7B041 /* Release */,
			);
			defaultConfigurationIsVisible = 0;
			defaultConfigurationName = Release;
		};
		36BDD9FA2192429900E7B041 /* Build configuration list for PBXNativeTarget "tumblr_demoUITests" */ = {
			isa = XCConfigurationList;
			buildConfigurations = (
				36BDD9FB2192429900E7B041 /* Debug */,
				36BDD9FC2192429900E7B041 /* Release */,
			);
			defaultConfigurationIsVisible = 0;
			defaultConfigurationName = Release;
		};
/* End XCConfigurationList section */
	};
	rootObject = 36BDD9C42192429500E7B041 /* Project object */;
}
